
Microsoft Visual Studio Solution File, Format Version 12.00
# Visual Studio Version 17
VisualStudioVersion = 17.14.36717.8 d17.14
MinimumVisualStudioVersion = 10.0.40219.1
Project("{FAE04EC0-301F-11D3-BF4B-00C04F79EFBC}") = "MusicWeb", "MusicWeb\MusicWeb.csproj", "{B1CB16AA-D0DA-415A-9FB1-D4807E0CB7A0}"
EndProject
Global
	GlobalSection(SolutionConfigurationPlatforms) = preSolution
		Debug|Any CPU = Debug|Any CPU
		Release|Any CPU = Release|Any CPU
	EndGlobalSection
	GlobalSection(ProjectConfigurationPlatforms) = postSolution
		{B1CB16AA-D0DA-415A-9FB1-D4807E0CB7A0}.Debug|Any CPU.ActiveCfg = Debug|Any CPU
		{B1CB16AA-D0DA-415A-9FB1-D4807E0CB7A0}.Debug|Any CPU.Build.0 = Debug|Any CPU
		{B1CB16AA-D0DA-415A-9FB1-D4807E0CB7A0}.Release|Any CPU.ActiveCfg = Release|Any CPU
		{B1CB16AA-D0DA-415A-9FB1-D4807E0CB7A0}.Release|Any CPU.Build.0 = Release|Any CPU
	EndGlobalSection
	GlobalSection(SolutionProperties) = preSolution
		HideSolutionNode = FALSE
	EndGlobalSection
	GlobalSection(ExtensibilityGlobals) = postSolution
		SolutionGuid = {3D59D1F4-CA93-4C3F-BC90-DE9FB2E4320E}
	EndGlobalSection
EndGlobal
